
Microsoft Visual Studio Solution File, Format Version 12.00
# Visual Studio Version 16
VisualStudioVersion = 16.0.32126.315
MinimumVisualStudioVersion = 10.0.40219.1
Project("{FAE04EC0-301F-11D3-BF4B-00C04F79EFBC}") = "AutomationApplication", "AutomationApplication.csproj", "{91D2339F-3C61-4A9F-8088-B8DA287CA1EE}"
EndProject
Global
	GlobalSection(SolutionConfigurationPlatforms) = preSolution
		Debug|Any CPU = Debug|Any CPU
		Release|Any CPU = Release|Any CPU
	EndGlobalSection
	GlobalSection(ProjectConfigurationPlatforms) = postSolution
		{91D2339F-3C61-4A9F-8088-B8DA287CA1EE}.Debug|Any CPU.ActiveCfg = Debug|Any CPU
		{91D2339F-3C61-4A9F-8088-B8DA287CA1EE}.Debug|Any CPU.Build.0 = Debug|Any CPU
		{91D2339F-3C61-4A9F-8088-B8DA287CA1EE}.Release|Any CPU.ActiveCfg = Release|Any CPU
		{91D2339F-3C61-4A9F-8088-B8DA287CA1EE}.Release|Any CPU.Build.0 = Release|Any CPU
	EndGlobalSection
	GlobalSection(SolutionProperties) = preSolution
		HideSolutionNode = FALSE
	EndGlobalSection
	GlobalSection(ExtensibilityGlobals) = postSolution
		SolutionGuid = {3A1E2EF1-FB86-4B86-BC1F-63FA7968A4DD}
	EndGlobalSection
EndGlobal
